[[package]]
name = "portablemc"
version = "3.3.0"
description = "PortableMC is a module that provides both an API for development of your custom launcher and an executable script to run PortableMC CLI."
category = "main"
optional = false
python-versions = ">=3.6"
develop = true

[package.source]
type = "directory"
url = "../core"

[[package]]
name = "prompt-toolkit"
version = "3.0.36"
description = "Library for building powerful interactive command lines in Python"
category = "main"
optional = false
python-versions = ">=3.6.2"

[package.dependencies]
wcwidth = "*"

[[package]]
name = "wcwidth"
version = "0.2.6"
description = "Measures the displayed width of unicode strings in a terminal"
category = "main"
optional = false
python-versions = "*"

[metadata]
lock-version = "1.1"
python-versions = ">=3.6.2"
content-hash = "ae9d8508bd47f1f3cdc703607b522846b8cb519bca73573dc950854501638379"

[metadata.files]
portablemc = []
prompt-toolkit = [
    {file = "prompt_toolkit-3.0.36-py3-none-any.whl", hash = "sha256:aa64ad242a462c5ff0363a7b9cfe696c20d55d9fc60c11fd8e632d064804d305"},
    {file = "prompt_toolkit-3.0.36.tar.gz", hash = "sha256:3e163f254bef5a03b146397d7c1963bd3e2812f0964bb9a24e6ec761fd28db63"},
]
wcwidth = [
    {file = "wcwidth-0.2.6-py2.py3-none-any.whl", hash = "sha256:795b138f6875577cd91bba52baf9e445cd5118fd32723b460e30a0af30ea230e"},
    {file = "wcwidth-0.2.6.tar.gz", hash = "sha256:a5220780a404dbe3353789870978e472cfe477761f06ee55077256e509b156d0"},
]
