[[package]]
name = "portablemc"
version = "3.1.0"
description = "PortableMC is a module that provides both an API for development of your custom launcher and an executable script to run PortableMC CLI."
category = "main"
optional = false
python-versions = ">=3.6"
develop = true

[package.source]
type = "directory"
url = "../core"

[metadata]
lock-version = "1.1"
python-versions = ">=3.6"
content-hash = "c128cb813d1890af109e34139b6accddd874e0147d634b949005fb3ed08a49c0"

[metadata.files]
portablemc = []
